<?xml version="1.0" encoding="utf-8"?>
<Project ToolsVersion="4.0" xmlns="http://schemas.microsoft.com/developer/msbuild/2003">
  <ItemGroup>
    <Filter Include="Source">
      <UniqueIdentifier>{1b68b8a0-c2ea-45a4-b65d-7536a61ed01d}</UniqueIdentifier>
    </Filter>
    <Filter Include="Header">
      <UniqueIdentifier>{7020a74a-5c64-4b66-b00c-c3af18f3848b}</UniqueIdentifier>
    </Filter>
    <Filter Include="Header\Objects">
      <UniqueIdentifier>{203bab48-174a-4249-aea4-c5b544d6d15f}</UniqueIdentifier>
    </Filter>
    <Filter Include="Header\Raytracing">
      <UniqueIdentifier>{ec51a4c5-ed54-477b-af3e-ac7182f1ebb0}</UniqueIdentifier>
    </Filter>
    <Filter Include="Header\Light">
      <UniqueIdentifier>{606bbb4e-8950-47a3-961e-94c6d3fe515f}</UniqueIdentifier>
    </Filter>
    <Filter Include="Header\Math">
      <UniqueIdentifier>{66a86ed0-84cb-42f4-9a8e-0bcb7b11d910}</UniqueIdentifier>
    </Filter>
    <Filter Include="Header\DataStructure">
      <UniqueIdentifier>{f0151fe9-94be-401c-a77c-acb6ff21c964}</UniqueIdentifier>
    </Filter>
  </ItemGroup>
  <ItemGroup>
    <ClInclude Include="Object.h">
      <Filter>Header\Objects</Filter>
    </ClInclude>
    <ClInclude Include="PointLight.h">
      <Filter>Header\Light</Filter>
    </ClInclude>
    <ClInclude Include="Camera.h">
      <Filter>Header</Filter>
    </ClInclude>
    <ClInclude Include="Ray.h">
      <Filter>Header\Raytracing</Filter>
    </ClInclude>
    <ClInclude Include="Sphere.h">
      <Filter>Header\Objects</Filter>
    </ClInclude>
    <ClInclude Include="Triangle.h">
      <Filter>Header\Objects</Filter>
    </ClInclude>
    <ClInclude Include="Plane.h">
      <Filter>Header\Objects</Filter>
    </ClInclude>
    <ClInclude Include="RayTracer.h">
      <Filter>Header\Raytracing</Filter>
    </ClInclude>
    <ClInclude Include="Color.h">
      <Filter>Header</Filter>
    </ClInclude>
    <ClInclude Include="KMath.h">
      <Filter>Header\Math</Filter>
    </ClInclude>
    <ClInclude Include="KLinkedList.h">
      <Filter>Header</Filter>
    </ClInclude>
    <ClInclude Include="CudaVector.h">
      <Filter>Header\DataStructure</Filter>
    </ClInclude>
  </ItemGroup>
  <ItemGroup>
    <CudaCompile Include="kernel.cu">
      <Filter>Source</Filter>
    </CudaCompile>
  </ItemGroup>
</Project>